
Microsoft Visual Studio Solution File, Format Version 12.00
# Visual Studio Version 18
VisualStudioVersion = 18.5.11619.145
MinimumVisualStudioVersion = 10.0.40219.1
Project("{2150E333-8FDC-42A3-9474-1A3956D46DE8}") = "ConsoleUI", "ConsoleUI", "{02EA681E-C7D8-13C7-8484-4AC65E1B71E8}"
EndProject
Project("{2150E333-8FDC-42A3-9474-1A3956D46DE8}") = "Application", "Application", "{6B0C28AF-21F2-48D9-8826-FCB07E172732}"
EndProject
Project("{2150E333-8FDC-42A3-9474-1A3956D46DE8}") = "Infrastructure", "Infrastructure", "{4991DBD1-45F0-4574-9E08-CE43F06575FC}"
EndProject
Project("{2150E333-8FDC-42A3-9474-1A3956D46DE8}") = "Domain", "Domain", "{2851E379-44A3-40D6-AB03-878BB04435E7}"
EndProject
Project("{2150E333-8FDC-42A3-9474-1A3956D46DE8}") = "src", "src", "{4030CB3F-AD07-4F45-B98B-4D3073C519B1}"
	ProjectSection(SolutionItems) = preProject
		.gitignore = .gitignore
	EndProjectSection
EndProject
Project("{2150E333-8FDC-42A3-9474-1A3956D46DE8}") = "test", "test", "{C8E3CB10-9835-48D4-985C-484CD7C59152}"
EndProject
Project("{FAE04EC0-301F-11D3-BF4B-00C04F79EFBC}") = "SharedFinanceConsoleDB.Application", "src\Application\SharedFinanceConsoleDB.Application\SharedFinanceConsoleDB.Application.csproj", "{3ED1307C-5CE3-B11A-C55B-7382A90B191E}"
EndProject
Project("{FAE04EC0-301F-11D3-BF4B-00C04F79EFBC}") = "SharedFinanceConsoleDB.ConsoleUI", "src\ConsoleUI\SharedFinanceConsoleDB.ConsoleUI\SharedFinanceConsoleDB.ConsoleUI.csproj", "{095D7CFD-167E-3AC4-EAC8-5476C5346CEA}"
EndProject
Project("{FAE04EC0-301F-11D3-BF4B-00C04F79EFBC}") = "SharedFinanceConsoleDB.Domain", "src\Domain\SharedFinanceConsoleDB.Domain\SharedFinanceConsoleDB.Domain.csproj", "{E0AA8E11-49FD-21B8-C8CF-7258F21453BE}"
EndProject
Project("{FAE04EC0-301F-11D3-BF4B-00C04F79EFBC}") = "SharedFinanceConsoleDB.Database", "src\Infrastructure\SharedFinanceConsoleDB.Database\SharedFinanceConsoleDB.Database.csproj", "{1486FAF7-A267-46EF-861C-38BA48F15143}"
EndProject
Project("{2150E333-8FDC-42A3-9474-1A3956D46DE8}") = "Application", "Application", "{E10027C4-6A60-4750-BD1E-7138F792BD2E}"
EndProject
Project("{2150E333-8FDC-42A3-9474-1A3956D46DE8}") = "Domain", "Domain", "{076A1DDC-ECBB-468C-86DE-F1F884CD663A}"
EndProject
Project("{FAE04EC0-301F-11D3-BF4B-00C04F79EFBC}") = "SharedFinanceConsoleDB.Application.Tests", "tests\Application\SharedFinanceConsoleDB.Application.Tests\SharedFinanceConsoleDB.Application.Tests.csproj", "{61FA3CAC-88C0-065B-8172-0929293624B1}"
EndProject
Project("{FAE04EC0-301F-11D3-BF4B-00C04F79EFBC}") = "SharedFinanceConsoleDB.Domain.Tests", "tests\Domain\SharedFinanceConsoleDB.Domain.Tests\SharedFinanceConsoleDB.Domain.Tests.csproj", "{0AD70E0E-7BBD-3071-051A-15897088995C}"
EndProject
Global
	GlobalSection(SolutionConfigurationPlatforms) = preSolution
		Debug|Any CPU = Debug|Any CPU
		Release|Any CPU = Release|Any CPU
	EndGlobalSection
	GlobalSection(ProjectConfigurationPlatforms) = postSolution
		{3ED1307C-5CE3-B11A-C55B-7382A90B191E}.Debug|Any CPU.ActiveCfg = Debug|Any CPU
		{3ED1307C-5CE3-B11A-C55B-7382A90B191E}.Debug|Any CPU.Build.0 = Debug|Any CPU
		{3ED1307C-5CE3-B11A-C55B-7382A90B191E}.Release|Any CPU.ActiveCfg = Release|Any CPU
		{3ED1307C-5CE3-B11A-C55B-7382A90B191E}.Release|Any CPU.Build.0 = Release|Any CPU
		{095D7CFD-167E-3AC4-EAC8-5476C5346CEA}.Debug|Any CPU.ActiveCfg = Debug|Any CPU
		{095D7CFD-167E-3AC4-EAC8-5476C5346CEA}.Debug|Any CPU.Build.0 = Debug|Any CPU
		{095D7CFD-167E-3AC4-EAC8-5476C5346CEA}.Release|Any CPU.ActiveCfg = Release|Any CPU
		{095D7CFD-167E-3AC4-EAC8-5476C5346CEA}.Release|Any CPU.Build.0 = Release|Any CPU
		{E0AA8E11-49FD-21B8-C8CF-7258F21453BE}.Debug|Any CPU.ActiveCfg = Debug|Any CPU
		{E0AA8E11-49FD-21B8-C8CF-7258F21453BE}.Debug|Any CPU.Build.0 = Debug|Any CPU
		{E0AA8E11-49FD-21B8-C8CF-7258F21453BE}.Release|Any CPU.ActiveCfg = Release|Any CPU
		{E0AA8E11-49FD-21B8-C8CF-7258F21453BE}.Release|Any CPU.Build.0 = Release|Any CPU
		{1486FAF7-A267-46EF-861C-38BA48F15143}.Debug|Any CPU.ActiveCfg = Debug|Any CPU
		{1486FAF7-A267-46EF-861C-38BA48F15143}.Debug|Any CPU.Build.0 = Debug|Any CPU
		{1486FAF7-A267-46EF-861C-38BA48F15143}.Release|Any CPU.ActiveCfg = Release|Any CPU
		{1486FAF7-A267-46EF-861C-38BA48F15143}.Release|Any CPU.Build.0 = Release|Any CPU
		{61FA3CAC-88C0-065B-8172-0929293624B1}.Debug|Any CPU.ActiveCfg = Debug|Any CPU
		{61FA3CAC-88C0-065B-8172-0929293624B1}.Debug|Any CPU.Build.0 = Debug|Any CPU
		{61FA3CAC-88C0-065B-8172-0929293624B1}.Release|Any CPU.ActiveCfg = Release|Any CPU
		{61FA3CAC-88C0-065B-8172-0929293624B1}.Release|Any CPU.Build.0 = Release|Any CPU
		{0AD70E0E-7BBD-3071-051A-15897088995C}.Debug|Any CPU.ActiveCfg = Debug|Any CPU
		{0AD70E0E-7BBD-3071-051A-15897088995C}.Debug|Any CPU.Build.0 = Debug|Any CPU
		{0AD70E0E-7BBD-3071-051A-15897088995C}.Release|Any CPU.ActiveCfg = Release|Any CPU
		{0AD70E0E-7BBD-3071-051A-15897088995C}.Release|Any CPU.Build.0 = Release|Any CPU
	EndGlobalSection
	GlobalSection(SolutionProperties) = preSolution
		HideSolutionNode = FALSE
	EndGlobalSection
	GlobalSection(NestedProjects) = preSolution
		{02EA681E-C7D8-13C7-8484-4AC65E1B71E8} = {4030CB3F-AD07-4F45-B98B-4D3073C519B1}
		{6B0C28AF-21F2-48D9-8826-FCB07E172732} = {4030CB3F-AD07-4F45-B98B-4D3073C519B1}
		{4991DBD1-45F0-4574-9E08-CE43F06575FC} = {4030CB3F-AD07-4F45-B98B-4D3073C519B1}
		{2851E379-44A3-40D6-AB03-878BB04435E7} = {4030CB3F-AD07-4F45-B98B-4D3073C519B1}
		{3ED1307C-5CE3-B11A-C55B-7382A90B191E} = {6B0C28AF-21F2-48D9-8826-FCB07E172732}
		{095D7CFD-167E-3AC4-EAC8-5476C5346CEA} = {02EA681E-C7D8-13C7-8484-4AC65E1B71E8}
		{E0AA8E11-49FD-21B8-C8CF-7258F21453BE} = {2851E379-44A3-40D6-AB03-878BB04435E7}
		{1486FAF7-A267-46EF-861C-38BA48F15143} = {4991DBD1-45F0-4574-9E08-CE43F06575FC}
		{E10027C4-6A60-4750-BD1E-7138F792BD2E} = {C8E3CB10-9835-48D4-985C-484CD7C59152}
		{076A1DDC-ECBB-468C-86DE-F1F884CD663A} = {C8E3CB10-9835-48D4-985C-484CD7C59152}
		{61FA3CAC-88C0-065B-8172-0929293624B1} = {E10027C4-6A60-4750-BD1E-7138F792BD2E}
		{0AD70E0E-7BBD-3071-051A-15897088995C} = {076A1DDC-ECBB-468C-86DE-F1F884CD663A}
	EndGlobalSection
	GlobalSection(ExtensibilityGlobals) = postSolution
		SolutionGuid = {76FE1B9C-E55A-4D68-B5CF-BDF98A9CE342}
	EndGlobalSection
EndGlobal
